{
  "requires": true,
  "lockfileVersion": 1,
  "dependencies": {
    "vue": {
      "version": "2.6.12",
      "resolved": "https://registry.npmjs.org/vue/-/vue-2.6.12.tgz",
      "integrity": "sha512-uhmLFETqPPNyuLLbsKz6ioJ4q7AZHzD8ZVFNATNyICSZouqP2Sz0rotWQC8UNBF6VGSCs5abnKJoStA6JbCbfg=="
    },
    "vue-switches": {
      "version": "2.0.1",
      "resolved": "https://registry.npmjs.org/vue-switches/-/vue-switches-2.0.1.tgz",
      "integrity": "sha512-rDqBtK3TKy1pEvyZeWmnSHVeXqAcn+ozch7LiNThBzr1QMjg5rhvqBY7uWeli/baDDslf6CXmBJbHPwASJLqoA==",
      "requires": {
        "vue": "^2.2.6"
      }
    }
  }
}
